
Microsoft Visual Studio Solution File, Format Version 12.00
# Visual Studio 14
VisualStudioVersion = 14.0.25420.1
MinimumVisualStudioVersion = 10.0.40219.1
Project("{FAE04EC0-301F-11D3-BF4B-00C04F79EFBC}") = "Hadamard", "Hadamard\Hadamard.csproj", "{473FCD83-3819-4529-9EB7-B756F2702C7C}"
EndProject
Project("{FAE04EC0-301F-11D3-BF4B-00C04F79EFBC}") = "Hadamard.Common", "Hadamard.Common\Hadamard.Common.csproj", "{961EC1BF-1B95-451E-8FA5-0C7CA317A5B8}"
EndProject
Project("{FAE04EC0-301F-11D3-BF4B-00C04F79EFBC}") = "Hadamard.Presentation", "Hadamard.Presentation\Hadamard.Presentation.csproj", "{4F2C0716-8DC1-417D-8F98-D1C7AAD68911}"
EndProject
Project("{FAE04EC0-301F-11D3-BF4B-00C04F79EFBC}") = "Hadamard.UI", "Hadamard.UI\Hadamard.UI.csproj", "{26D02DFF-3315-47B5-BBF9-724E2FE004FD}"
EndProject
Global
	GlobalSection(SolutionConfigurationPlatforms) = preSolution
		Debug|Any CPU = Debug|Any CPU
		Release|Any CPU = Release|Any CPU
	EndGlobalSection
	GlobalSection(ProjectConfigurationPlatforms) = postSolution
		{473FCD83-3819-4529-9EB7-B756F2702C7C}.Debug|Any CPU.ActiveCfg = Debug|Any CPU
		{473FCD83-3819-4529-9EB7-B756F2702C7C}.Debug|Any CPU.Build.0 = Debug|Any CPU
		{473FCD83-3819-4529-9EB7-B756F2702C7C}.Release|Any CPU.ActiveCfg = Release|Any CPU
		{473FCD83-3819-4529-9EB7-B756F2702C7C}.Release|Any CPU.Build.0 = Release|Any CPU
		{961EC1BF-1B95-451E-8FA5-0C7CA317A5B8}.Debug|Any CPU.ActiveCfg = Debug|Any CPU
		{961EC1BF-1B95-451E-8FA5-0C7CA317A5B8}.Debug|Any CPU.Build.0 = Debug|Any CPU
		{961EC1BF-1B95-451E-8FA5-0C7CA317A5B8}.Release|Any CPU.ActiveCfg = Release|Any CPU
		{961EC1BF-1B95-451E-8FA5-0C7CA317A5B8}.Release|Any CPU.Build.0 = Release|Any CPU
		{4F2C0716-8DC1-417D-8F98-D1C7AAD68911}.Debug|Any CPU.ActiveCfg = Debug|Any CPU
		{4F2C0716-8DC1-417D-8F98-D1C7AAD68911}.Debug|Any CPU.Build.0 = Debug|Any CPU
		{4F2C0716-8DC1-417D-8F98-D1C7AAD68911}.Release|Any CPU.ActiveCfg = Release|Any CPU
		{4F2C0716-8DC1-417D-8F98-D1C7AAD68911}.Release|Any CPU.Build.0 = Release|Any CPU
		{26D02DFF-3315-47B5-BBF9-724E2FE004FD}.Debug|Any CPU.ActiveCfg = Debug|Any CPU
		{26D02DFF-3315-47B5-BBF9-724E2FE004FD}.Debug|Any CPU.Build.0 = Debug|Any CPU
		{26D02DFF-3315-47B5-BBF9-724E2FE004FD}.Release|Any CPU.ActiveCfg = Release|Any CPU
		{26D02DFF-3315-47B5-BBF9-724E2FE004FD}.Release|Any CPU.Build.0 = Release|Any CPU
	EndGlobalSection
	GlobalSection(SolutionProperties) = preSolution
		HideSolutionNode = FALSE
	EndGlobalSection
EndGlobal
